
Microsoft Visual Studio Solution File, Format Version 12.00
# Visual Studio Version 16
VisualStudioVersion = 16.0.31911.196
MinimumVisualStudioVersion = 10.0.40219.1
Project("{FAE04EC0-301F-11D3-BF4B-00C04F79EFBC}") = "PhoneBook", "PhoneBook\PhoneBook.csproj", "{E940139A-F572-4460-9BB2-04CC99EBF7CB}"
EndProject
Global
	GlobalSection(SolutionConfigurationPlatforms) = preSolution
		Debug|Any CPU = Debug|Any CPU
		Release|Any CPU = Release|Any CPU
	EndGlobalSection
	GlobalSection(ProjectConfigurationPlatforms) = postSolution
		{E940139A-F572-4460-9BB2-04CC99EBF7CB}.Debug|Any CPU.ActiveCfg = Debug|Any CPU
		{E940139A-F572-4460-9BB2-04CC99EBF7CB}.Debug|Any CPU.Build.0 = Debug|Any CPU
		{E940139A-F572-4460-9BB2-04CC99EBF7CB}.Release|Any CPU.ActiveCfg = Release|Any CPU
		{E940139A-F572-4460-9BB2-04CC99EBF7CB}.Release|Any CPU.Build.0 = Release|Any CPU
	EndGlobalSection
	GlobalSection(SolutionProperties) = preSolution
		HideSolutionNode = FALSE
	EndGlobalSection
	GlobalSection(ExtensibilityGlobals) = postSolution
		SolutionGuid = {48D26E2C-D0E3-4AE9-85D3-D077DBBE985F}
	EndGlobalSection
EndGlobal
